
Microsoft Visual Studio Solution File, Format Version 12.00
# Visual Studio 15
VisualStudioVersion = 15.0.27130.2027
MinimumVisualStudioVersion = 10.0.40219.1
Project("{FAE04EC0-301F-11D3-BF4B-00C04F79EFBC}") = "Invoicer", "Invoicer\Invoicer.csproj", "{74FD8A46-AD12-476F-B637-D4FDF63F67A7}"
EndProject
Project("{FAE04EC0-301F-11D3-BF4B-00C04F79EFBC}") = "Invoicer.Tests", "Invoicer.Tests\Invoicer.Tests.csproj", "{E0E537A6-60F3-4A87-A8C2-1DCB10413410}"
EndProject
Project("{FAE04EC0-301F-11D3-BF4B-00C04F79EFBC}") = "Invoicer.BussinessLogic", "Invoicer.BussinessLogic\Invoicer.BussinessLogic.csproj", "{5E30EEBE-E37C-4F75-8681-356F4157F728}"
EndProject
Global
	GlobalSection(SolutionConfigurationPlatforms) = preSolution
		Debug|Any CPU = Debug|Any CPU
		Release|Any CPU = Release|Any CPU
	EndGlobalSection
	GlobalSection(ProjectConfigurationPlatforms) = postSolution
		{74FD8A46-AD12-476F-B637-D4FDF63F67A7}.Debug|Any CPU.ActiveCfg = Debug|Any CPU
		{74FD8A46-AD12-476F-B637-D4FDF63F67A7}.Debug|Any CPU.Build.0 = Debug|Any CPU
		{74FD8A46-AD12-476F-B637-D4FDF63F67A7}.Release|Any CPU.ActiveCfg = Release|Any CPU
		{74FD8A46-AD12-476F-B637-D4FDF63F67A7}.Release|Any CPU.Build.0 = Release|Any CPU
		{E0E537A6-60F3-4A87-A8C2-1DCB10413410}.Debug|Any CPU.ActiveCfg = Debug|Any CPU
		{E0E537A6-60F3-4A87-A8C2-1DCB10413410}.Debug|Any CPU.Build.0 = Debug|Any CPU
		{E0E537A6-60F3-4A87-A8C2-1DCB10413410}.Release|Any CPU.ActiveCfg = Release|Any CPU
		{E0E537A6-60F3-4A87-A8C2-1DCB10413410}.Release|Any CPU.Build.0 = Release|Any CPU
		{5E30EEBE-E37C-4F75-8681-356F4157F728}.Debug|Any CPU.ActiveCfg = Debug|Any CPU
		{5E30EEBE-E37C-4F75-8681-356F4157F728}.Debug|Any CPU.Build.0 = Debug|Any CPU
		{5E30EEBE-E37C-4F75-8681-356F4157F728}.Release|Any CPU.ActiveCfg = Release|Any CPU
		{5E30EEBE-E37C-4F75-8681-356F4157F728}.Release|Any CPU.Build.0 = Release|Any CPU
	EndGlobalSection
	GlobalSection(SolutionProperties) = preSolution
		HideSolutionNode = FALSE
	EndGlobalSection
	GlobalSection(ExtensibilityGlobals) = postSolution
		SolutionGuid = {DDCD44F7-56BC-44EB-B459-C34A07C12109}
	EndGlobalSection
EndGlobal
